
Microsoft Visual Studio Solution File, Format Version 12.00
# Visual Studio Version 16
VisualStudioVersion = 16.0.31112.23
MinimumVisualStudioVersion = 10.0.40219.1
Project("{FAE04EC0-301F-11D3-BF4B-00C04F79EFBC}") = "ProjectsManager", "ProjectsManager\ProjectsManager.csproj", "{FFC32D0B-CFAA-4673-A584-8F5F1915B3DC}"
EndProject
Global
	GlobalSection(SolutionConfigurationPlatforms) = preSolution
		Debug|Any CPU = Debug|Any CPU
		Release|Any CPU = Release|Any CPU
	EndGlobalSection
	GlobalSection(ProjectConfigurationPlatforms) = postSolution
		{FFC32D0B-CFAA-4673-A584-8F5F1915B3DC}.Debug|Any CPU.ActiveCfg = Debug|Any CPU
		{FFC32D0B-CFAA-4673-A584-8F5F1915B3DC}.Debug|Any CPU.Build.0 = Debug|Any CPU
		{FFC32D0B-CFAA-4673-A584-8F5F1915B3DC}.Release|Any CPU.ActiveCfg = Release|Any CPU
		{FFC32D0B-CFAA-4673-A584-8F5F1915B3DC}.Release|Any CPU.Build.0 = Release|Any CPU
	EndGlobalSection
	GlobalSection(SolutionProperties) = preSolution
		HideSolutionNode = FALSE
	EndGlobalSection
	GlobalSection(ExtensibilityGlobals) = postSolution
		SolutionGuid = {A4050691-DEE6-4C35-94D9-FCD17C210CDE}
	EndGlobalSection
EndGlobal
